
Microsoft Visual Studio Solution File, Format Version 12.00
# Visual Studio 15
VisualStudioVersion = 15.0.28010.2041
MinimumVisualStudioVersion = 10.0.40219.1
Project("{8BC9CEB8-8B4A-11D0-8D11-00A0C91BC942}") = "converter_10_p", "converter_10_p\converter_10_p.vcxproj", "{6C108892-750D-47E1-937A-B006CDC8A581}"
EndProject
Project("{8BC9CEB8-8B4A-11D0-8D11-00A0C91BC942}") = "UnitTest1", "UnitTest1\UnitTest1.vcxproj", "{E4EDF6BB-792D-45AA-AC72-8A4FFBADFC10}"
EndProject
Global
	GlobalSection(SolutionConfigurationPlatforms) = preSolution
		Debug|x64 = Debug|x64
		Debug|x86 = Debug|x86
		Release|x64 = Release|x64
		Release|x86 = Release|x86
	EndGlobalSection
	GlobalSection(ProjectConfigurationPlatforms) = postSolution
		{6C108892-750D-47E1-937A-B006CDC8A581}.Debug|x64.ActiveCfg = Debug|x64
		{6C108892-750D-47E1-937A-B006CDC8A581}.Debug|x64.Build.0 = Debug|x64
		{6C108892-750D-47E1-937A-B006CDC8A581}.Debug|x86.ActiveCfg = Debug|Win32
		{6C108892-750D-47E1-937A-B006CDC8A581}.Debug|x86.Build.0 = Debug|Win32
		{6C108892-750D-47E1-937A-B006CDC8A581}.Release|x64.ActiveCfg = Release|x64
		{6C108892-750D-47E1-937A-B006CDC8A581}.Release|x64.Build.0 = Release|x64
		{6C108892-750D-47E1-937A-B006CDC8A581}.Release|x86.ActiveCfg = Release|Win32
		{6C108892-750D-47E1-937A-B006CDC8A581}.Release|x86.Build.0 = Release|Win32
		{E4EDF6BB-792D-45AA-AC72-8A4FFBADFC10}.Debug|x64.ActiveCfg = Debug|x64
		{E4EDF6BB-792D-45AA-AC72-8A4FFBADFC10}.Debug|x64.Build.0 = Debug|x64
		{E4EDF6BB-792D-45AA-AC72-8A4FFBADFC10}.Debug|x86.ActiveCfg = Debug|Win32
		{E4EDF6BB-792D-45AA-AC72-8A4FFBADFC10}.Debug|x86.Build.0 = Debug|Win32
		{E4EDF6BB-792D-45AA-AC72-8A4FFBADFC10}.Release|x64.ActiveCfg = Release|x64
		{E4EDF6BB-792D-45AA-AC72-8A4FFBADFC10}.Release|x64.Build.0 = Release|x64
		{E4EDF6BB-792D-45AA-AC72-8A4FFBADFC10}.Release|x86.ActiveCfg = Release|Win32
		{E4EDF6BB-792D-45AA-AC72-8A4FFBADFC10}.Release|x86.Build.0 = Release|Win32
	EndGlobalSection
	GlobalSection(SolutionProperties) = preSolution
		HideSolutionNode = FALSE
	EndGlobalSection
	GlobalSection(ExtensibilityGlobals) = postSolution
		SolutionGuid = {BBF33623-E39B-4274-8D45-499B3DBC680F}
	EndGlobalSection
EndGlobal
