
Microsoft Visual Studio Solution File, Format Version 12.00
# Visual Studio 15
VisualStudioVersion = 15.0.28010.2041
MinimumVisualStudioVersion = 10.0.40219.1
Project("{8BC9CEB8-8B4A-11D0-8D11-00A0C91BC942}") = "Interface", "Interface\Interface.vcxproj", "{9D2620E6-3F53-4624-B6A1-D09937CCD89D}"
EndProject
Project("{8BC9CEB8-8B4A-11D0-8D11-00A0C91BC942}") = "RefControl", "..\RefControl\RefControl.vcxproj", "{8E5C2E14-3B8F-4722-BCD3-3EF059E8D716}"
EndProject
Project("{8BC9CEB8-8B4A-11D0-8D11-00A0C91BC942}") = "RefEditor", "..\RefEditor\RefEditor.vcxproj", "{CEDC656C-39DB-40E5-A8CC-C6F3F684E512}"
EndProject
Project("{8BC9CEB8-8B4A-11D0-8D11-00A0C91BC942}") = "converter_p_10", "..\converter\converter\converter.vcxproj", "{444FBE0C-201C-451E-83DA-9B05B8E4643B}"
EndProject
Project("{8BC9CEB8-8B4A-11D0-8D11-00A0C91BC942}") = "converter_10_p", "..\converter_10_p\converter_10_p\converter_10_p.vcxproj", "{6C108892-750D-47E1-937A-B006CDC8A581}"
EndProject
Project("{8BC9CEB8-8B4A-11D0-8D11-00A0C91BC942}") = "History", "..\History\History\History.vcxproj", "{5D0841DF-1965-42D8-A526-C97687FB5CEE}"
EndProject
Global
	GlobalSection(SolutionConfigurationPlatforms) = preSolution
		Debug|x64 = Debug|x64
		Debug|x86 = Debug|x86
		Release|x64 = Release|x64
		Release|x86 = Release|x86
	EndGlobalSection
	GlobalSection(ProjectConfigurationPlatforms) = postSolution
		{9D2620E6-3F53-4624-B6A1-D09937CCD89D}.Debug|x64.ActiveCfg = Debug|x64
		{9D2620E6-3F53-4624-B6A1-D09937CCD89D}.Debug|x64.Build.0 = Debug|x64
		{9D2620E6-3F53-4624-B6A1-D09937CCD89D}.Debug|x86.ActiveCfg = Debug|Win32
		{9D2620E6-3F53-4624-B6A1-D09937CCD89D}.Debug|x86.Build.0 = Debug|Win32
		{9D2620E6-3F53-4624-B6A1-D09937CCD89D}.Release|x64.ActiveCfg = Release|x64
		{9D2620E6-3F53-4624-B6A1-D09937CCD89D}.Release|x64.Build.0 = Release|x64
		{9D2620E6-3F53-4624-B6A1-D09937CCD89D}.Release|x86.ActiveCfg = Release|Win32
		{9D2620E6-3F53-4624-B6A1-D09937CCD89D}.Release|x86.Build.0 = Release|Win32
		{8E5C2E14-3B8F-4722-BCD3-3EF059E8D716}.Debug|x64.ActiveCfg = Debug|x64
		{8E5C2E14-3B8F-4722-BCD3-3EF059E8D716}.Debug|x64.Build.0 = Debug|x64
		{8E5C2E14-3B8F-4722-BCD3-3EF059E8D716}.Debug|x86.ActiveCfg = Debug|Win32
		{8E5C2E14-3B8F-4722-BCD3-3EF059E8D716}.Debug|x86.Build.0 = Debug|Win32
		{8E5C2E14-3B8F-4722-BCD3-3EF059E8D716}.Release|x64.ActiveCfg = Release|x64
		{8E5C2E14-3B8F-4722-BCD3-3EF059E8D716}.Release|x64.Build.0 = Release|x64
		{8E5C2E14-3B8F-4722-BCD3-3EF059E8D716}.Release|x86.ActiveCfg = Release|Win32
		{8E5C2E14-3B8F-4722-BCD3-3EF059E8D716}.Release|x86.Build.0 = Release|Win32
		{CEDC656C-39DB-40E5-A8CC-C6F3F684E512}.Debug|x64.ActiveCfg = Debug|x64
		{CEDC656C-39DB-40E5-A8CC-C6F3F684E512}.Debug|x64.Build.0 = Debug|x64
		{CEDC656C-39DB-40E5-A8CC-C6F3F684E512}.Debug|x86.ActiveCfg = Debug|Win32
		{CEDC656C-39DB-40E5-A8CC-C6F3F684E512}.Debug|x86.Build.0 = Debug|Win32
		{CEDC656C-39DB-40E5-A8CC-C6F3F684E512}.Release|x64.ActiveCfg = Release|x64
		{CEDC656C-39DB-40E5-A8CC-C6F3F684E512}.Release|x64.Build.0 = Release|x64
		{CEDC656C-39DB-40E5-A8CC-C6F3F684E512}.Release|x86.ActiveCfg = Release|Win32
		{CEDC656C-39DB-40E5-A8CC-C6F3F684E512}.Release|x86.Build.0 = Release|Win32
		{444FBE0C-201C-451E-83DA-9B05B8E4643B}.Debug|x64.ActiveCfg = Debug|x64
		{444FBE0C-201C-451E-83DA-9B05B8E4643B}.Debug|x64.Build.0 = Debug|x64
		{444FBE0C-201C-451E-83DA-9B05B8E4643B}.Debug|x86.ActiveCfg = Debug|Win32
		{444FBE0C-201C-451E-83DA-9B05B8E4643B}.Debug|x86.Build.0 = Debug|Win32
		{444FBE0C-201C-451E-83DA-9B05B8E4643B}.Release|x64.ActiveCfg = Release|x64
		{444FBE0C-201C-451E-83DA-9B05B8E4643B}.Release|x64.Build.0 = Release|x64
		{444FBE0C-201C-451E-83DA-9B05B8E4643B}.Release|x86.ActiveCfg = Release|Win32
		{444FBE0C-201C-451E-83DA-9B05B8E4643B}.Release|x86.Build.0 = Release|Win32
		{6C108892-750D-47E1-937A-B006CDC8A581}.Debug|x64.ActiveCfg = Debug|x64
		{6C108892-750D-47E1-937A-B006CDC8A581}.Debug|x64.Build.0 = Debug|x64
		{6C108892-750D-47E1-937A-B006CDC8A581}.Debug|x86.ActiveCfg = Debug|Win32
		{6C108892-750D-47E1-937A-B006CDC8A581}.Debug|x86.Build.0 = Debug|Win32
		{6C108892-750D-47E1-937A-B006CDC8A581}.Release|x64.ActiveCfg = Release|x64
		{6C108892-750D-47E1-937A-B006CDC8A581}.Release|x64.Build.0 = Release|x64
		{6C108892-750D-47E1-937A-B006CDC8A581}.Release|x86.ActiveCfg = Release|Win32
		{6C108892-750D-47E1-937A-B006CDC8A581}.Release|x86.Build.0 = Release|Win32
		{5D0841DF-1965-42D8-A526-C97687FB5CEE}.Debug|x64.ActiveCfg = Debug|x64
		{5D0841DF-1965-42D8-A526-C97687FB5CEE}.Debug|x64.Build.0 = Debug|x64
		{5D0841DF-1965-42D8-A526-C97687FB5CEE}.Debug|x86.ActiveCfg = Debug|Win32
		{5D0841DF-1965-42D8-A526-C97687FB5CEE}.Debug|x86.Build.0 = Debug|Win32
		{5D0841DF-1965-42D8-A526-C97687FB5CEE}.Release|x64.ActiveCfg = Release|x64
		{5D0841DF-1965-42D8-A526-C97687FB5CEE}.Release|x64.Build.0 = Release|x64
		{5D0841DF-1965-42D8-A526-C97687FB5CEE}.Release|x86.ActiveCfg = Release|Win32
		{5D0841DF-1965-42D8-A526-C97687FB5CEE}.Release|x86.Build.0 = Release|Win32
	EndGlobalSection
	GlobalSection(SolutionProperties) = preSolution
		HideSolutionNode = FALSE
	EndGlobalSection
	GlobalSection(ExtensibilityGlobals) = postSolution
		SolutionGuid = {61EAD80B-A8F3-428F-A835-25BB8DA3ED9E}
	EndGlobalSection
EndGlobal
